# This file is automatically @generated by Cargo.
# It is not intended for manual editing.
version = 4

[[package]]
name = "db-core"
version = "0.1.0"

[[package]]
name = "db-raft"
version = "0.1.0"
dependencies = [
 "db-core",
 "db-storage",
]

[[package]]
name = "db-sql"
version = "0.1.0"
dependencies = [
 "db-core",
]

[[package]]
name = "db-storage"
version = "0.1.0"
dependencies = [
 "db-core",
]

[[package]]
name = "server"
version = "0.1.0"
dependencies = [
 "db-core",
 "db-raft",
 "db-sql",
]
